// !$*UTF8*$!
{
	archiveVersion = 1;
	classes = {
	};
	objectVersion = 46;
	objects = {

/* Begin PBXBuildFile section */
		760D8966184B9C480007B0B1 /* OCMockitoIOS.framework in Frameworks */ = {isa = PBXBuildFile; fileRef = 760D8965184B9C480007B0B1 /* OCMockitoIOS.framework */; };
		76172DDA18396349000B798F /* UIKit.framework in Frameworks */ = {isa = PBXBuildFile; fileRef = 76172DD918396349000B798F /* UIKit.framework */; };
		76172DDC18396349000B798F /* Foundation.framework in Frameworks */ = {isa = PBXBuildFile; fileRef = 76172DDB18396349000B798F /* Foundation.framework */; };
		76172DDE18396349000B798F /* CoreGraphics.framework in Frameworks */ = {isa = PBXBuildFile; fileRef = 76172DDD18396349000B798F /* CoreGraphics.framework */; };
		76172DE41839634A000B798F /* InfoPlist.strings in Resources */ = {isa = PBXBuildFile; fileRef = 76172DE21839634A000B798F /* InfoPlist.strings */; };
		76172DE61839634A000B798F /* main.m in Sources */ = {isa = PBXBuildFile; fileRef = 76172DE51839634A000B798F /* main.m */; };
		76172DEA1839634A000B798F /* AppDelegate.m in Sources */ = {isa = PBXBuildFile; fileRef = 76172DE91839634A000B798F /* AppDelegate.m */; };
		76172DEC1839634A000B798F /* Default.png in Resources */ = {isa = PBXBuildFile; fileRef = 76172DEB1839634A000B798F /* Default.png */; };
		76172DEE1839634A000B798F /* Default@2x.png in Resources */ = {isa = PBXBuildFile; fileRef = 76172DED1839634A000B798F /* Default@2x.png */; };
		76172DF01839634A000B798F /* Default-568h@2x.png in Resources */ = {isa = PBXBuildFile; fileRef = 76172DEF1839634A000B798F /* Default-568h@2x.png */; };
		76172DF31839634A000B798F /* MasterViewController.m in Sources */ = {isa = PBXBuildFile; fileRef = 76172DF21839634A000B798F /* MasterViewController.m */; };
		76172DF61839634A000B798F /* DetailViewController.m in Sources */ = {isa = PBXBuildFile; fileRef = 76172DF51839634A000B798F /* DetailViewController.m */; };
		76172DF91839634A000B798F /* MasterViewController.xib in Resources */ = {isa = PBXBuildFile; fileRef = 76172DF71839634A000B798F /* MasterViewController.xib */; };
		76172DFC1839634A000B798F /* DetailViewController.xib in Resources */ = {isa = PBXBuildFile; fileRef = 76172DFA1839634A000B798F /* DetailViewController.xib */; };
		76172E041839634A000B798F /* SenTestingKit.framework in Frameworks */ = {isa = PBXBuildFile; fileRef = 76172E031839634A000B798F /* SenTestingKit.framework */; };
		76172E051839634A000B798F /* UIKit.framework in Frameworks */ = {isa = PBXBuildFile; fileRef = 76172DD918396349000B798F /* UIKit.framework */; };
		76172E061839634A000B798F /* Foundation.framework in Frameworks */ = {isa = PBXBuildFile; fileRef = 76172DDB18396349000B798F /* Foundation.framework */; };
		76172E0E1839634A000B798F /* InfoPlist.strings in Resources */ = {isa = PBXBuildFile; fileRef = 76172E0C1839634A000B798F /* InfoPlist.strings */; };
		76172E1B183966A2000B798F /* SessionTests.m in Sources */ = {isa = PBXBuildFile; fileRef = 76172E1A183966A2000B798F /* SessionTests.m */; };
		76172E1D183966E6000B798F /* OCHamcrestIOS.framework in Frameworks */ = {isa = PBXBuildFile; fileRef = 76172E1C183966E6000B798F /* OCHamcrestIOS.framework */; };
		76172E2018396753000B798F /* Session.m in Sources */ = {isa = PBXBuildFile; fileRef = 76172E1F18396753000B798F /* Session.m */; };
		762B34DE185531F1008FD7A3 /* SessionSummaryStaticCell.m in Sources */ = {isa = PBXBuildFile; fileRef = 762B34DD185531F1008FD7A3 /* SessionSummaryStaticCell.m */; };
		762B34E01855329E008FD7A3 /* SessionSummaryStaticCellTests.m in Sources */ = {isa = PBXBuildFile; fileRef = 762B34DF1855329E008FD7A3 /* SessionSummaryStaticCellTests.m */; };
		762B34E218553371008FD7A3 /* SessionSummaryStaticCell.xib in Resources */ = {isa = PBXBuildFile; fileRef = 762B34E118553371008FD7A3 /* SessionSummaryStaticCell.xib */; };
		762B34E51858D489008FD7A3 /* MeasurementsViewController.m in Sources */ = {isa = PBXBuildFile; fileRef = 762B34E41858D489008FD7A3 /* MeasurementsViewController.m */; };
		762B34E7185C73CB008FD7A3 /* MeasurementsViewControllerTests.m in Sources */ = {isa = PBXBuildFile; fileRef = 762B34E6185C73CB008FD7A3 /* MeasurementsViewControllerTests.m */; };
		762B34E9185CA5D1008FD7A3 /* MeasurementsViewController.xib in Resources */ = {isa = PBXBuildFile; fileRef = 762B34E8185CA5D0008FD7A3 /* MeasurementsViewController.xib */; };
		762B34EB185DE293008FD7A3 /* MeasurementSummaryStaticCellTests.m in Sources */ = {isa = PBXBuildFile; fileRef = 762B34EA185DE293008FD7A3 /* MeasurementSummaryStaticCellTests.m */; };
		762B34ED185E26B3008FD7A3 /* MeasurementSummaryStaticCell.xib in Resources */ = {isa = PBXBuildFile; fileRef = 762B34EC185E26B3008FD7A3 /* MeasurementSummaryStaticCell.xib */; };
		762B34F0185E270F008FD7A3 /* MeasurementSummaryStaticCell.m in Sources */ = {isa = PBXBuildFile; fileRef = 762B34EF185E270E008FD7A3 /* MeasurementSummaryStaticCell.m */; };
		762B34F3185E528C008FD7A3 /* MeasurementDetailViewController.m in Sources */ = {isa = PBXBuildFile; fileRef = 762B34F2185E528C008FD7A3 /* MeasurementDetailViewController.m */; };
		762B34F5185E545B008FD7A3 /* MeasurementDetailViewController.xib in Resources */ = {isa = PBXBuildFile; fileRef = 762B34F4185E545B008FD7A3 /* MeasurementDetailViewController.xib */; };
		762B34F7185E54A4008FD7A3 /* MeasurementDetailViewControllerTests.m in Sources */ = {isa = PBXBuildFile; fileRef = 762B34F6185E54A4008FD7A3 /* MeasurementDetailViewControllerTests.m */; };
		762B34F9185E579C008FD7A3 /* SessionSummaryCellTests.m in Sources */ = {isa = PBXBuildFile; fileRef = 762B34F8185E579C008FD7A3 /* SessionSummaryCellTests.m */; };
		762B354218638C57008FD7A3 /* MeasurementDetailTableViewDataSourceTests.m in Sources */ = {isa = PBXBuildFile; fileRef = 762B354118638C57008FD7A3 /* MeasurementDetailTableViewDataSourceTests.m */; };
		762B354518638CA9008FD7A3 /* MeasurementDetailTableViewDataSource.m in Sources */ = {isa = PBXBuildFile; fileRef = 762B354418638CA8008FD7A3 /* MeasurementDetailTableViewDataSource.m */; };
		76334E7C187369F200DFF15F /* SessionDetailsViewController.m in Sources */ = {isa = PBXBuildFile; fileRef = 76334E7B187369F200DFF15F /* SessionDetailsViewController.m */; };
		76334E7F18736BAA00DFF15F /* SessionDetailsDataSource.m in Sources */ = {isa = PBXBuildFile; fileRef = 76334E7E18736BAA00DFF15F /* SessionDetailsDataSource.m */; };
		76334E8118736C2500DFF15F /* SessionDetailsViewController.xib in Resources */ = {isa = PBXBuildFile; fileRef = 76334E8018736C2500DFF15F /* SessionDetailsViewController.xib */; };
		76334E8318736FAA00DFF15F /* SessionDetailsViewControllerTests.m in Sources */ = {isa = PBXBuildFile; fileRef = 76334E8218736FAA00DFF15F /* SessionDetailsViewControllerTests.m */; };
		76334E851873730F00DFF15F /* SessionDetailsDatasourceTests.m in Sources */ = {isa = PBXBuildFile; fileRef = 76334E841873730F00DFF15F /* SessionDetailsDatasourceTests.m */; };
		767D5DBD1843E68C00ED7DC4 /* AppDelegateTests.m in Sources */ = {isa = PBXBuildFile; fileRef = 767D5DBC1843E68C00ED7DC4 /* AppDelegateTests.m */; };
		768C02B218512F8100BC879C /* SessionSummaryCell.m in Sources */ = {isa = PBXBuildFile; fileRef = 768C02B118512F8100BC879C /* SessionSummaryCell.m */; };
		768C02B41851305D00BC879C /* SessionSummaryCell.xib in Resources */ = {isa = PBXBuildFile; fileRef = 768C02B31851305D00BC879C /* SessionSummaryCell.xib */; };
		76B07256183D3CC4003E86CB /* SessionsTableViewDataSource.m in Sources */ = {isa = PBXBuildFile; fileRef = 76B9ADC8183D3A0300A1D668 /* SessionsTableViewDataSource.m */; };
		76B07258183D3D09003E86CB /* SessionsTableViewDatasourceTests.m in Sources */ = {isa = PBXBuildFile; fileRef = 76B07257183D3D09003E86CB /* SessionsTableViewDatasourceTests.m */; };
		76B9ADAA1839752D00A1D668 /* MeasurementTests.m in Sources */ = {isa = PBXBuildFile; fileRef = 76B9ADA91839752D00A1D668 /* MeasurementTests.m */; };
		76B9ADB01839757A00A1D668 /* Measurement.m in Sources */ = {isa = PBXBuildFile; fileRef = 76B9ADAF1839757A00A1D668 /* Measurement.m */; };
		76B9ADB21839865100A1D668 /* MeasurementII2Tests.m in Sources */ = {isa = PBXBuildFile; fileRef = 76B9ADB11839865100A1D668 /* MeasurementII2Tests.m */; };
		76B9ADB5183986A000A1D668 /* MeasurementII2.m in Sources */ = {isa = PBXBuildFile; fileRef = 76B9ADB4183986A000A1D668 /* MeasurementII2.m */; };
		76B9ADB7183A8A2D00A1D668 /* MeasurementII3Tests.m in Sources */ = {isa = PBXBuildFile; fileRef = 76B9ADB6183A8A2D00A1D668 /* MeasurementII3Tests.m */; };
		76B9ADBA183A8A5600A1D668 /* MeasurementII3.m in Sources */ = {isa = PBXBuildFile; fileRef = 76B9ADB9183A8A5600A1D668 /* MeasurementII3.m */; };
		76B9ADBC183AD96E00A1D668 /* NoiseSourceTests.m in Sources */ = {isa = PBXBuildFile; fileRef = 76B9ADBB183AD96E00A1D668 /* NoiseSourceTests.m */; };
		76B9ADBF183AD9F700A1D668 /* NoiseSource.m in Sources */ = {isa = PBXBuildFile; fileRef = 76B9ADBE183AD9F700A1D668 /* NoiseSource.m */; };
		76B9ADC3183BFF8800A1D668 /* SessionsViewController.m in Sources */ = {isa = PBXBuildFile; fileRef = 76B9ADC1183BFF8800A1D668 /* SessionsViewController.m */; };
		76B9ADC4183BFF8800A1D668 /* SessionsViewController.xib in Resources */ = {isa = PBXBuildFile; fileRef = 76B9ADC2183BFF8800A1D668 /* SessionsViewController.xib */; };
		76B9ADC6183BFFDB00A1D668 /* SessionsViewControllerTests.m in Sources */ = {isa = PBXBuildFile; fileRef = 76B9ADC5183BFFDB00A1D668 /* SessionsViewControllerTests.m */; };
		76FB86A41842399B009270CB /* MeasurementsTableViewDataSource.m in Sources */ = {isa = PBXBuildFile; fileRef = 76FB86A31842399B009270CB /* MeasurementsTableViewDataSource.m */; };
		76FB86A618424BD2009270CB /* MeasurementsTableViewDataSourceTests.m in Sources */ = {isa = PBXBuildFile; fileRef = 76FB86A518424BD2009270CB /* MeasurementsTableViewDataSourceTests.m */; };
		76FB86AA18425C6E009270CB /* MeasurementSummaryCell.m in Sources */ = {isa = PBXBuildFile; fileRef = 76FB86A918425C6E009270CB /* MeasurementSummaryCell.m */; };
		76FB86AC18425DBB009270CB /* MeasurementSummaryCell.xib in Resources */ = {isa = PBXBuildFile; fileRef = 76FB86AB18425DBA009270CB /* MeasurementSummaryCell.xib */; };
/* End PBXBuildFile section */

/* Begin PBXContainerItemProxy section */
		76172E071839634A000B798F /* PBXContainerItemProxy */ = {
			isa = PBXContainerItemProxy;
			containerPortal = 76172DCE18396349000B798F /* Project object */;
			proxyType = 1;
			remoteGlobalIDString = 76172DD518396349000B798F;
			remoteInfo = HMRI99;
		};
/* End PBXContainerItemProxy section */

/* Begin PBXFileReference section */
		760D8965184B9C480007B0B1 /* OCMockitoIOS.framework */ = {isa = PBXFileReference; lastKnownFileType = wrapper.framework; path = OCMockitoIOS.framework; sourceTree = "<group>"; };
		76172DD618396349000B798F /* HMRI99.app */ = {isa = PBXFileReference; explicitFileType = wrapper.application; includeInIndex = 0; path = HMRI99.app; sourceTree = BUILT_PRODUCTS_DIR; };
		76172DD918396349000B798F /* UIKit.framework */ = {isa = PBXFileReference; lastKnownFileType = wrapper.framework; name = UIKit.framework; path = System/Library/Frameworks/UIKit.framework; sourceTree = SDKROOT; };
		76172DDB18396349000B798F /* Foundation.framework */ = {isa = PBXFileReference; lastKnownFileType = wrapper.framework; name = Foundation.framework; path = System/Library/Frameworks/Foundation.framework; sourceTree = SDKROOT; };
		76172DDD18396349000B798F /* CoreGraphics.framework */ = {isa = PBXFileReference; lastKnownFileType = wrapper.framework; name = CoreGraphics.framework; path = System/Library/Frameworks/CoreGraphics.framework; sourceTree = SDKROOT; };
		76172DE11839634A000B798F /* HMRI99-Info.plist */ = {isa = PBXFileReference; lastKnownFileType = text.plist.xml; path = "HMRI99-Info.plist"; sourceTree = "<group>"; };
		76172DE31839634A000B798F /* en */ = {isa = PBXFileReference; lastKnownFileType = text.plist.strings; name = en; path = en.lproj/InfoPlist.strings; sourceTree = "<group>"; };
		76172DE51839634A000B798F /* main.m */ = {isa = PBXFileReference; lastKnownFileType = sourcecode.c.objc; path = main.m; sourceTree = "<group>"; };
		76172DE71839634A000B798F /* HMRI99-Prefix.pch */ = {isa = PBXFileReference; lastKnownFileType = sourcecode.c.h; path = "HMRI99-Prefix.pch"; sourceTree = "<group>"; };
		76172DE81839634A000B798F /* AppDelegate.h */ = {isa = PBXFileReference; lastKnownFileType = sourcecode.c.h; path = AppDelegate.h; sourceTree = "<group>"; };
		76172DE91839634A000B798F /* AppDelegate.m */ = {isa = PBXFileReference; lastKnownFileType = sourcecode.c.objc; path = AppDelegate.m; sourceTree = "<group>"; };
		76172DEB1839634A000B798F /* Default.png */ = {isa = PBXFileReference; lastKnownFileType = image.png; path = Default.png; sourceTree = "<group>"; };
		76172DED1839634A000B798F /* Default@2x.png */ = {isa = PBXFileReference; lastKnownFileType = image.png; path = "Default@2x.png"; sourceTree = "<group>"; };
		76172DEF1839634A000B798F /* Default-568h@2x.png */ = {isa = PBXFileReference; lastKnownFileType = image.png; path = "Default-568h@2x.png"; sourceTree = "<group>"; };
		76172DF11839634A000B798F /* MasterViewController.h */ = {isa = PBXFileReference; lastKnownFileType = sourcecode.c.h; path = MasterViewController.h; sourceTree = "<group>"; };
		76172DF21839634A000B798F /* MasterViewController.m */ = {isa = PBXFileReference; lastKnownFileType = sourcecode.c.objc; path = MasterViewController.m; sourceTree = "<group>"; };
		76172DF41839634A000B798F /* DetailViewController.h */ = {isa = PBXFileReference; lastKnownFileType = sourcecode.c.h; path = DetailViewController.h; sourceTree = "<group>"; };
		76172DF51839634A000B798F /* DetailViewController.m */ = {isa = PBXFileReference; lastKnownFileType = sourcecode.c.objc; path = DetailViewController.m; sourceTree = "<group>"; };
		76172DF81839634A000B798F /* en */ = {isa = PBXFileReference; lastKnownFileType = file.xib; name = en; path = en.lproj/MasterViewController.xib; sourceTree = "<group>"; };
		76172DFB1839634A000B798F /* en */ = {isa = PBXFileReference; lastKnownFileType = file.xib; name = en; path = en.lproj/DetailViewController.xib; sourceTree = "<group>"; };
		76172E021839634A000B798F /* HMRI99Tests.octest */ = {isa = PBXFileReference; explicitFileType = wrapper.cfbundle; includeInIndex = 0; path = HMRI99Tests.octest; sourceTree = BUILT_PRODUCTS_DIR; };
		76172E031839634A000B798F /* SenTestingKit.framework */ = {isa = PBXFileReference; lastKnownFileType = wrapper.framework; name = SenTestingKit.framework; path = Library/Frameworks/SenTestingKit.framework; sourceTree = DEVELOPER_DIR; };
		76172E0B1839634A000B798F /* HMRI99Tests-Info.plist */ = {isa = PBXFileReference; lastKnownFileType = text.plist.xml; path = "HMRI99Tests-Info.plist"; sourceTree = "<group>"; };
		76172E0D1839634A000B798F /* en */ = {isa = PBXFileReference; lastKnownFileType = text.plist.strings; name = en; path = en.lproj/InfoPlist.strings; sourceTree = "<group>"; };
		76172E1A183966A2000B798F /* SessionTests.m */ = {isa = PBXFileReference; fileEncoding = 4; lastKnownFileType = sourcecode.c.objc; path = SessionTests.m; sourceTree = "<group>"; };
		76172E1C183966E6000B798F /* OCHamcrestIOS.framework */ = {isa = PBXFileReference; lastKnownFileType = wrapper.framework; path = OCHamcrestIOS.framework; sourceTree = "<group>"; };
		76172E1E18396753000B798F /* Session.h */ = {isa = PBXFileReference; fileEncoding = 4; lastKnownFileType = sourcecode.c.h; path = Session.h; sourceTree = "<group>"; };
		76172E1F18396753000B798F /* Session.m */ = {isa = PBXFileReference; fileEncoding = 4; lastKnownFileType = sourcecode.c.objc; path = Session.m; sourceTree = "<group>"; };
		762B34DC185531F1008FD7A3 /* SessionSummaryStaticCell.h */ = {isa = PBXFileReference; fileEncoding = 4; lastKnownFileType = sourcecode.c.h; path = SessionSummaryStaticCell.h; sourceTree = "<group>"; };
		762B34DD185531F1008FD7A3 /* SessionSummaryStaticCell.m */ = {isa = PBXFileReference; fileEncoding = 4; lastKnownFileType = sourcecode.c.objc; path = SessionSummaryStaticCell.m; sourceTree = "<group>"; };
		762B34DF1855329E008FD7A3 /* SessionSummaryStaticCellTests.m */ = {isa = PBXFileReference; fileEncoding = 4; lastKnownFileType = sourcecode.c.objc; path = SessionSummaryStaticCellTests.m; sourceTree = "<group>"; };
		762B34E118553371008FD7A3 /* SessionSummaryStaticCell.xib */ = {isa = PBXFileReference; fileEncoding = 4; lastKnownFileType = file.xib; path = SessionSummaryStaticCell.xib; sourceTree = "<group>"; };
		762B34E31858D489008FD7A3 /* MeasurementsViewController.h */ = {isa = PBXFileReference; fileEncoding = 4; lastKnownFileType = sourcecode.c.h; name = MeasurementsViewController.h; path = ../MeasurementsViewController.h; sourceTree = "<group>"; };
		762B34E41858D489008FD7A3 /* MeasurementsViewController.m */ = {isa = PBXFileReference; fileEncoding = 4; lastKnownFileType = sourcecode.c.objc; name = MeasurementsViewController.m; path = ../MeasurementsViewController.m; sourceTree = "<group>"; };
		762B34E6185C73CB008FD7A3 /* MeasurementsViewControllerTests.m */ = {isa = PBXFileReference; fileEncoding = 4; lastKnownFileType = sourcecode.c.objc; path = MeasurementsViewControllerTests.m; sourceTree = "<group>"; };
		762B34E8185CA5D0008FD7A3 /* MeasurementsViewController.xib */ = {isa = PBXFileReference; fileEncoding = 4; lastKnownFileType = file.xib; path = MeasurementsViewController.xib; sourceTree = "<group>"; };
		762B34EA185DE293008FD7A3 /* MeasurementSummaryStaticCellTests.m */ = {isa = PBXFileReference; fileEncoding = 4; lastKnownFileType = sourcecode.c.objc; path = MeasurementSummaryStaticCellTests.m; sourceTree = "<group>"; };
		762B34EC185E26B3008FD7A3 /* MeasurementSummaryStaticCell.xib */ = {isa = PBXFileReference; fileEncoding = 4; lastKnownFileType = file.xib; path = MeasurementSummaryStaticCell.xib; sourceTree = "<group>"; };
		762B34EE185E270E008FD7A3 /* MeasurementSummaryStaticCell.h */ = {isa = PBXFileReference; fileEncoding = 4; lastKnownFileType = sourcecode.c.h; path = MeasurementSummaryStaticCell.h; sourceTree = "<group>"; };
		762B34EF185E270E008FD7A3 /* MeasurementSummaryStaticCell.m */ = {isa = PBXFileReference; fileEncoding = 4; lastKnownFileType = sourcecode.c.objc; path = MeasurementSummaryStaticCell.m; sourceTree = "<group>"; };
		762B34F1185E528B008FD7A3 /* MeasurementDetailViewController.h */ = {isa = PBXFileReference; fileEncoding = 4; lastKnownFileType = sourcecode.c.h; path = MeasurementDetailViewController.h; sourceTree = "<group>"; };
		762B34F2185E528C008FD7A3 /* MeasurementDetailViewController.m */ = {isa = PBXFileReference; fileEncoding = 4; lastKnownFileType = sourcecode.c.objc; path = MeasurementDetailViewController.m; sourceTree = "<group>"; };
		762B34F4185E545B008FD7A3 /* MeasurementDetailViewController.xib */ = {isa = PBXFileReference; fileEncoding = 4; lastKnownFileType = file.xib; path = MeasurementDetailViewController.xib; sourceTree = "<group>"; };
		762B34F6185E54A4008FD7A3 /* MeasurementDetailViewControllerTests.m */ = {isa = PBXFileReference; fileEncoding = 4; lastKnownFileType = sourcecode.c.objc; path = MeasurementDetailViewControllerTests.m; sourceTree = "<group>"; };
		762B34F8185E579C008FD7A3 /* SessionSummaryCellTests.m */ = {isa = PBXFileReference; fileEncoding = 4; lastKnownFileType = sourcecode.c.objc; path = SessionSummaryCellTests.m; sourceTree = "<group>"; };
		762B354118638C57008FD7A3 /* MeasurementDetailTableViewDataSourceTests.m */ = {isa = PBXFileReference; fileEncoding = 4; lastKnownFileType = sourcecode.c.objc; path = MeasurementDetailTableViewDataSourceTests.m; sourceTree = "<group>"; };
		762B354318638CA7008FD7A3 /* MeasurementDetailTableViewDataSource.h */ = {isa = PBXFileReference; fileEncoding = 4; lastKnownFileType = sourcecode.c.h; path = MeasurementDetailTableViewDataSource.h; sourceTree = "<group>"; };
		762B354418638CA8008FD7A3 /* MeasurementDetailTableViewDataSource.m */ = {isa = PBXFileReference; fileEncoding = 4; lastKnownFileType = sourcecode.c.objc; path = MeasurementDetailTableViewDataSource.m; sourceTree = "<group>"; };
		76334E7A187369F200DFF15F /* SessionDetailsViewController.h */ = {isa = PBXFileReference; fileEncoding = 4; lastKnownFileType = sourcecode.c.h; path = SessionDetailsViewController.h; sourceTree = "<group>"; };
		76334E7B187369F200DFF15F /* SessionDetailsViewController.m */ = {isa = PBXFileReference; fileEncoding = 4; lastKnownFileType = sourcecode.c.objc; path = SessionDetailsViewController.m; sourceTree = "<group>"; };
		76334E7D18736BAA00DFF15F /* SessionDetailsDataSource.h */ = {isa = PBXFileReference; fileEncoding = 4; lastKnownFileType = sourcecode.c.h; name = SessionDetailsDataSource.h; path = HMRI99/SessionDetailsDataSource.h; sourceTree = "<group>"; };
		76334E7E18736BAA00DFF15F /* SessionDetailsDataSource.m */ = {isa = PBXFileReference; fileEncoding = 4; lastKnownFileType = sourcecode.c.objc; name = SessionDetailsDataSource.m; path = HMRI99/SessionDetailsDataSource.m; sourceTree = "<group>"; };
		76334E8018736C2500DFF15F /* SessionDetailsViewController.xib */ = {isa = PBXFileReference; fileEncoding = 4; lastKnownFileType = file.xib; path = SessionDetailsViewController.xib; sourceTree = "<group>"; };
		76334E8218736FAA00DFF15F /* SessionDetailsViewControllerTests.m */ = {isa = PBXFileReference; fileEncoding = 4; lastKnownFileType = sourcecode.c.objc; path = SessionDetailsViewControllerTests.m; sourceTree = "<group>"; };
		76334E841873730F00DFF15F /* SessionDetailsDatasourceTests.m */ = {isa = PBXFileReference; fileEncoding = 4; lastKnownFileType = sourcecode.c.objc; path = SessionDetailsDatasourceTests.m; sourceTree = "<group>"; };
		767D5DBC1843E68C00ED7DC4 /* AppDelegateTests.m */ = {isa = PBXFileReference; fileEncoding = 4; lastKnownFileType = sourcecode.c.objc; path = AppDelegateTests.m; sourceTree = "<group>"; };
		768C02B018512F8100BC879C /* SessionSummaryCell.h */ = {isa = PBXFileReference; fileEncoding = 4; lastKnownFileType = sourcecode.c.h; path = SessionSummaryCell.h; sourceTree = "<group>"; };
		768C02B118512F8100BC879C /* SessionSummaryCell.m */ = {isa = PBXFileReference; fileEncoding = 4; lastKnownFileType = sourcecode.c.objc; path = SessionSummaryCell.m; sourceTree = "<group>"; };
		768C02B31851305D00BC879C /* SessionSummaryCell.xib */ = {isa = PBXFileReference; fileEncoding = 4; lastKnownFileType = file.xib; path = SessionSummaryCell.xib; sourceTree = "<group>"; };
		76B07257183D3D09003E86CB /* SessionsTableViewDatasourceTests.m */ = {isa = PBXFileReference; fileEncoding = 4; lastKnownFileType = sourcecode.c.objc; path = SessionsTableViewDatasourceTests.m; sourceTree = "<group>"; };
		76B9ADA91839752D00A1D668 /* MeasurementTests.m */ = {isa = PBXFileReference; fileEncoding = 4; lastKnownFileType = sourcecode.c.objc; path = MeasurementTests.m; sourceTree = "<group>"; };
		76B9ADAE1839757A00A1D668 /* Measurement.h */ = {isa = PBXFileReference; fileEncoding = 4; lastKnownFileType = sourcecode.c.h; path = Measurement.h; sourceTree = "<group>"; };
		76B9ADAF1839757A00A1D668 /* Measurement.m */ = {isa = PBXFileReference; fileEncoding = 4; lastKnownFileType = sourcecode.c.objc; path = Measurement.m; sourceTree = "<group>"; };
		76B9ADB11839865100A1D668 /* MeasurementII2Tests.m */ = {isa = PBXFileReference; fileEncoding = 4; lastKnownFileType = sourcecode.c.objc; path = MeasurementII2Tests.m; sourceTree = "<group>"; };
		76B9ADB3183986A000A1D668 /* MeasurementII2.h */ = {isa = PBXFileReference; fileEncoding = 4; lastKnownFileType = sourcecode.c.h; path = MeasurementII2.h; sourceTree = "<group>"; };
		76B9ADB4183986A000A1D668 /* MeasurementII2.m */ = {isa = PBXFileReference; fileEncoding = 4; lastKnownFileType = sourcecode.c.objc; path = MeasurementII2.m; sourceTree = "<group>"; };
		76B9ADB6183A8A2D00A1D668 /* MeasurementII3Tests.m */ = {isa = PBXFileReference; fileEncoding = 4; lastKnownFileType = sourcecode.c.objc; path = MeasurementII3Tests.m; sourceTree = "<group>"; };
		76B9ADB8183A8A5600A1D668 /* MeasurementII3.h */ = {isa = PBXFileReference; fileEncoding = 4; lastKnownFileType = sourcecode.c.h; path = MeasurementII3.h; sourceTree = "<group>"; };
		76B9ADB9183A8A5600A1D668 /* MeasurementII3.m */ = {isa = PBXFileReference; fileEncoding = 4; lastKnownFileType = sourcecode.c.objc; path = MeasurementII3.m; sourceTree = "<group>"; };
		76B9ADBB183AD96E00A1D668 /* NoiseSourceTests.m */ = {isa = PBXFileReference; fileEncoding = 4; lastKnownFileType = sourcecode.c.objc; path = NoiseSourceTests.m; sourceTree = "<group>"; };
		76B9ADBD183AD9F700A1D668 /* NoiseSource.h */ = {isa = PBXFileReference; fileEncoding = 4; lastKnownFileType = sourcecode.c.h; path = NoiseSource.h; sourceTree = "<group>"; };
		76B9ADBE183AD9F700A1D668 /* NoiseSource.m */ = {isa = PBXFileReference; fileEncoding = 4; lastKnownFileType = sourcecode.c.objc; path = NoiseSource.m; sourceTree = "<group>"; };
		76B9ADC0183BFF8800A1D668 /* SessionsViewController.h */ = {isa = PBXFileReference; fileEncoding = 4; lastKnownFileType = sourcecode.c.h; path = SessionsViewController.h; sourceTree = "<group>"; };
		76B9ADC1183BFF8800A1D668 /* SessionsViewController.m */ = {isa = PBXFileReference; fileEncoding = 4; lastKnownFileType = sourcecode.c.objc; path = SessionsViewController.m; sourceTree = "<group>"; };
		76B9ADC2183BFF8800A1D668 /* SessionsViewController.xib */ = {isa = PBXFileReference; fileEncoding = 4; lastKnownFileType = file.xib; path = SessionsViewController.xib; sourceTree = "<group>"; };
		76B9ADC5183BFFDB00A1D668 /* SessionsViewControllerTests.m */ = {isa = PBXFileReference; fileEncoding = 4; lastKnownFileType = sourcecode.c.objc; path = SessionsViewControllerTests.m; sourceTree = "<group>"; };
		76B9ADC7183D3A0300A1D668 /* SessionsTableViewDataSource.h */ = {isa = PBXFileReference; fileEncoding = 4; lastKnownFileType = sourcecode.c.h; name = SessionsTableViewDataSource.h; path = HMRI99Tests/SessionsTableViewDataSource.h; sourceTree = SOURCE_ROOT; };
		76B9ADC8183D3A0300A1D668 /* SessionsTableViewDataSource.m */ = {isa = PBXFileReference; fileEncoding = 4; lastKnownFileType = sourcecode.c.objc; name = SessionsTableViewDataSource.m; path = HMRI99Tests/SessionsTableViewDataSource.m; sourceTree = SOURCE_ROOT; };
		76FB86A21842399B009270CB /* MeasurementsTableViewDataSource.h */ = {isa = PBXFileReference; fileEncoding = 4; lastKnownFileType = sourcecode.c.h; path = MeasurementsTableViewDataSource.h; sourceTree = "<group>"; };
		76FB86A31842399B009270CB /* MeasurementsTableViewDataSource.m */ = {isa = PBXFileReference; fileEncoding = 4; lastKnownFileType = sourcecode.c.objc; path = MeasurementsTableViewDataSource.m; sourceTree = "<group>"; };
		76FB86A518424BD2009270CB /* MeasurementsTableViewDataSourceTests.m */ = {isa = PBXFileReference; fileEncoding = 4; lastKnownFileType = sourcecode.c.objc; path = MeasurementsTableViewDataSourceTests.m; sourceTree = "<group>"; };
		76FB86A818425C6E009270CB /* MeasurementSummaryCell.h */ = {isa = PBXFileReference; fileEncoding = 4; lastKnownFileType = sourcecode.c.h; name = MeasurementSummaryCell.h; path = ../MeasurementSummaryCell.h; sourceTree = "<group>"; };
		76FB86A918425C6E009270CB /* MeasurementSummaryCell.m */ = {isa = PBXFileReference; fileEncoding = 4; lastKnownFileType = sourcecode.c.objc; name = MeasurementSummaryCell.m; path = ../MeasurementSummaryCell.m; sourceTree = "<group>"; };
		76FB86AB18425DBA009270CB /* MeasurementSummaryCell.xib */ = {isa = PBXFileReference; fileEncoding = 4; lastKnownFileType = file.xib; path = MeasurementSummaryCell.xib; sourceTree = "<group>"; };
/* End PBXFileReference section */

/* Begin PBXFrameworksBuildPhase section */
		76172DD318396349000B798F /* Frameworks */ = {
			isa = PBXFrameworksBuildPhase;
			buildActionMask = 2147483647;
			files = (
				76172DDA18396349000B798F /* UIKit.framework in Frameworks */,
				76172DDC18396349000B798F /* Foundation.framework in Frameworks */,
				76172DDE18396349000B798F /* CoreGraphics.framework in Frameworks */,
			);
			runOnlyForDeploymentPostprocessing = 0;
		};
		76172DFE1839634A000B798F /* Frameworks */ = {
			isa = PBXFrameworksBuildPhase;
			buildActionMask = 2147483647;
			files = (
				76172E041839634A000B798F /* SenTestingKit.framework in Frameworks */,
				76172E051839634A000B798F /* UIKit.framework in Frameworks */,
				76172E061839634A000B798F /* Foundation.framework in Frameworks */,
				76172E1D183966E6000B798F /* OCHamcrestIOS.framework in Frameworks */,
				760D8966184B9C480007B0B1 /* OCMockitoIOS.framework in Frameworks */,
			);
			runOnlyForDeploymentPostprocessing = 0;
		};
/* End PBXFrameworksBuildPhase section */

/* Begin PBXGroup section */
		76172DCD18396349000B798F = {
			isa = PBXGroup;
			children = (
				76334E7D18736BAA00DFF15F /* SessionDetailsDataSource.h */,
				76334E7E18736BAA00DFF15F /* SessionDetailsDataSource.m */,
				76172DDF1839634A000B798F /* HMRI99 */,
				76172E091839634A000B798F /* HMRI99Tests */,
				76172DD818396349000B798F /* Frameworks */,
				76172DD718396349000B798F /* Products */,
			);
			sourceTree = "<group>";
		};
		76172DD718396349000B798F /* Products */ = {
			isa = PBXGroup;
			children = (
				76172DD618396349000B798F /* HMRI99.app */,
				76172E021839634A000B798F /* HMRI99Tests.octest */,
			);
			name = Products;
			sourceTree = "<group>";
		};
		76172DD818396349000B798F /* Frameworks */ = {
			isa = PBXGroup;
			children = (
				760D8965184B9C480007B0B1 /* OCMockitoIOS.framework */,
				76172E1C183966E6000B798F /* OCHamcrestIOS.framework */,
				76172DD918396349000B798F /* UIKit.framework */,
				76172DDB18396349000B798F /* Foundation.framework */,
				76172DDD18396349000B798F /* CoreGraphics.framework */,
				76172E031839634A000B798F /* SenTestingKit.framework */,
			);
			name = Frameworks;
			sourceTree = "<group>";
		};
		76172DDF1839634A000B798F /* HMRI99 */ = {
			isa = PBXGroup;
			children = (
				76334E7A187369F200DFF15F /* SessionDetailsViewController.h */,
				76334E7B187369F200DFF15F /* SessionDetailsViewController.m */,
				76334E8018736C2500DFF15F /* SessionDetailsViewController.xib */,
				762B354318638CA7008FD7A3 /* MeasurementDetailTableViewDataSource.h */,
				762B354418638CA8008FD7A3 /* MeasurementDetailTableViewDataSource.m */,
				762B34F1185E528B008FD7A3 /* MeasurementDetailViewController.h */,
				762B34F2185E528C008FD7A3 /* MeasurementDetailViewController.m */,
				762B34F4185E545B008FD7A3 /* MeasurementDetailViewController.xib */,
				768C02B018512F8100BC879C /* SessionSummaryCell.h */,
				768C02B31851305D00BC879C /* SessionSummaryCell.xib */,
				768C02B118512F8100BC879C /* SessionSummaryCell.m */,
				762B34EE185E270E008FD7A3 /* MeasurementSummaryStaticCell.h */,
				762B34EF185E270E008FD7A3 /* MeasurementSummaryStaticCell.m */,
				762B34EC185E26B3008FD7A3 /* MeasurementSummaryStaticCell.xib */,
				762B34DC185531F1008FD7A3 /* SessionSummaryStaticCell.h */,
				762B34DD185531F1008FD7A3 /* SessionSummaryStaticCell.m */,
				762B34E118553371008FD7A3 /* SessionSummaryStaticCell.xib */,
				76FB86A818425C6E009270CB /* MeasurementSummaryCell.h */,
				76FB86A918425C6E009270CB /* MeasurementSummaryCell.m */,
				76FB86AB18425DBA009270CB /* MeasurementSummaryCell.xib */,
				76B9ADBD183AD9F700A1D668 /* NoiseSource.h */,
				76B9ADBE183AD9F700A1D668 /* NoiseSource.m */,
				76B9ADB8183A8A5600A1D668 /* MeasurementII3.h */,
				76B9ADB9183A8A5600A1D668 /* MeasurementII3.m */,
				76B9ADB3183986A000A1D668 /* MeasurementII2.h */,
				76B9ADB4183986A000A1D668 /* MeasurementII2.m */,
				76B9ADAE1839757A00A1D668 /* Measurement.h */,
				76B9ADAF1839757A00A1D668 /* Measurement.m */,
				76172E1E18396753000B798F /* Session.h */,
				76172E1F18396753000B798F /* Session.m */,
				76172DE81839634A000B798F /* AppDelegate.h */,
				76172DE91839634A000B798F /* AppDelegate.m */,
				76172DF11839634A000B798F /* MasterViewController.h */,
				76172DF21839634A000B798F /* MasterViewController.m */,
				76B9ADC0183BFF8800A1D668 /* SessionsViewController.h */,
				76B9ADC1183BFF8800A1D668 /* SessionsViewController.m */,
				76B9ADC2183BFF8800A1D668 /* SessionsViewController.xib */,
				76B9ADC7183D3A0300A1D668 /* SessionsTableViewDataSource.h */,
				76B9ADC8183D3A0300A1D668 /* SessionsTableViewDataSource.m */,
				76FB86A21842399B009270CB /* MeasurementsTableViewDataSource.h */,
				76FB86A31842399B009270CB /* MeasurementsTableViewDataSource.m */,
				762B34E31858D489008FD7A3 /* MeasurementsViewController.h */,
				762B34E41858D489008FD7A3 /* MeasurementsViewController.m */,
				762B34E8185CA5D0008FD7A3 /* MeasurementsViewController.xib */,
				76172DF41839634A000B798F /* DetailViewController.h */,
				76172DF51839634A000B798F /* DetailViewController.m */,
				76172DF71839634A000B798F /* MasterViewController.xib */,
				76172DFA1839634A000B798F /* DetailViewController.xib */,
				76172DE01839634A000B798F /* Supporting Files */,
			);
			path = HMRI99;
			sourceTree = "<group>";
		};
		76172DE01839634A000B798F /* Supporting Files */ = {
			isa = PBXGroup;
			children = (
				76172DE11839634A000B798F /* HMRI99-Info.plist */,
				76172DE21839634A000B798F /* InfoPlist.strings */,
				76172DE51839634A000B798F /* main.m */,
				76172DE71839634A000B798F /* HMRI99-Prefix.pch */,
				76172DEB1839634A000B798F /* Default.png */,
				76172DED1839634A000B798F /* Default@2x.png */,
				76172DEF1839634A000B798F /* Default-568h@2x.png */,
			);
			name = "Supporting Files";
			sourceTree = "<group>";
		};
		76172E091839634A000B798F /* HMRI99Tests */ = {
			isa = PBXGroup;
			children = (
				76334E841873730F00DFF15F /* SessionDetailsDatasourceTests.m */,
				76334E8218736FAA00DFF15F /* SessionDetailsViewControllerTests.m */,
				762B354118638C57008FD7A3 /* MeasurementDetailTableViewDataSourceTests.m */,
				762B34F6185E54A4008FD7A3 /* MeasurementDetailViewControllerTests.m */,
				762B34EA185DE293008FD7A3 /* MeasurementSummaryStaticCellTests.m */,
				762B34DF1855329E008FD7A3 /* SessionSummaryStaticCellTests.m */,
				762B34F8185E579C008FD7A3 /* SessionSummaryCellTests.m */,
				767D5DBC1843E68C00ED7DC4 /* AppDelegateTests.m */,
				76FB86A518424BD2009270CB /* MeasurementsTableViewDataSourceTests.m */,
				76B07257183D3D09003E86CB /* SessionsTableViewDatasourceTests.m */,
				76B9ADC5183BFFDB00A1D668 /* SessionsViewControllerTests.m */,
				762B34E6185C73CB008FD7A3 /* MeasurementsViewControllerTests.m */,
				76B9ADBB183AD96E00A1D668 /* NoiseSourceTests.m */,
				76B9ADB6183A8A2D00A1D668 /* MeasurementII3Tests.m */,
				76B9ADB11839865100A1D668 /* MeasurementII2Tests.m */,
				76B9ADA91839752D00A1D668 /* MeasurementTests.m */,
				76172E1A183966A2000B798F /* SessionTests.m */,
				76172E0A1839634A000B798F /* Supporting Files */,
			);
			path = HMRI99Tests;
			sourceTree = "<group>";
		};
		76172E0A1839634A000B798F /* Supporting Files */ = {
			isa = PBXGroup;
			children = (
				76172E0B1839634A000B798F /* HMRI99Tests-Info.plist */,
				76172E0C1839634A000B798F /* InfoPlist.strings */,
			);
			name = "Supporting Files";
			sourceTree = "<group>";
		};
/* End PBXGroup section */

/* Begin PBXNativeTarget section */
		76172DD518396349000B798F /* HMRI99 */ = {
			isa = PBXNativeTarget;
			buildConfigurationList = 76172E141839634A000B798F /* Build configuration list for PBXNativeTarget "HMRI99" */;
			buildPhases = (
				76172DD218396349000B798F /* Sources */,
				76172DD318396349000B798F /* Frameworks */,
				76172DD418396349000B798F /* Resources */,
				50524F424C454D533F /* ShellScript */,
			);
			buildRules = (
			);
			dependencies = (
			);
			name = HMRI99;
			productName = HMRI99;
			productReference = 76172DD618396349000B798F /* HMRI99.app */;
			productType = "com.apple.product-type.application";
		};
		76172E011839634A000B798F /* HMRI99Tests */ = {
			isa = PBXNativeTarget;
			buildConfigurationList = 76172E171839634A000B798F /* Build configuration list for PBXNativeTarget "HMRI99Tests" */;
			buildPhases = (
				76172DFD1839634A000B798F /* Sources */,
				76172DFE1839634A000B798F /* Frameworks */,
				76172DFF1839634A000B798F /* Resources */,
				76172E001839634A000B798F /* ShellScript */,
			);
			buildRules = (
			);
			dependencies = (
				76172E081839634A000B798F /* PBXTargetDependency */,
			);
			name = HMRI99Tests;
			productName = HMRI99Tests;
			productReference = 76172E021839634A000B798F /* HMRI99Tests.octest */;
			productType = "com.apple.product-type.bundle";
		};
/* End PBXNativeTarget section */

/* Begin PBXProject section */
		76172DCE18396349000B798F /* Project object */ = {
			isa = PBXProject;
			attributes = {
				LastUpgradeCheck = 0460;
				ORGANIZATIONNAME = "Thijs van Bon";
			};
			buildConfigurationList = 76172DD118396349000B798F /* Build configuration list for PBXProject "HMRI99" */;
			compatibilityVersion = "Xcode 3.2";
			developmentRegion = English;
			hasScannedForEncodings = 0;
			knownRegions = (
				en,
			);
			mainGroup = 76172DCD18396349000B798F;
			productRefGroup = 76172DD718396349000B798F /* Products */;
			projectDirPath = "";
			projectRoot = "";
			targets = (
				76172DD518396349000B798F /* HMRI99 */,
				76172E011839634A000B798F /* HMRI99Tests */,
			);
		};
/* End PBXProject section */

/* Begin PBXResourcesBuildPhase section */
		76172DD418396349000B798F /* Resources */ = {
			isa = PBXResourcesBuildPhase;
			buildActionMask = 2147483647;
			files = (
				76172DE41839634A000B798F /* InfoPlist.strings in Resources */,
				76172DEC1839634A000B798F /* Default.png in Resources */,
				76172DEE1839634A000B798F /* Default@2x.png in Resources */,
				76172DF01839634A000B798F /* Default-568h@2x.png in Resources */,
				76172DF91839634A000B798F /* MasterViewController.xib in Resources */,
				76172DFC1839634A000B798F /* DetailViewController.xib in Resources */,
				76B9ADC4183BFF8800A1D668 /* SessionsViewController.xib in Resources */,
				76FB86AC18425DBB009270CB /* MeasurementSummaryCell.xib in Resources */,
				768C02B41851305D00BC879C /* SessionSummaryCell.xib in Resources */,
				762B34E218553371008FD7A3 /* SessionSummaryStaticCell.xib in Resources */,
				762B34E9185CA5D1008FD7A3 /* MeasurementsViewController.xib in Resources */,
				762B34ED185E26B3008FD7A3 /* MeasurementSummaryStaticCell.xib in Resources */,
				762B34F5185E545B008FD7A3 /* MeasurementDetailViewController.xib in Resources */,
				76334E8118736C2500DFF15F /* SessionDetailsViewController.xib in Resources */,
			);
			runOnlyForDeploymentPostprocessing = 0;
		};
		76172DFF1839634A000B798F /* Resources */ = {
			isa = PBXResourcesBuildPhase;
			buildActionMask = 2147483647;
			files = (
				76172E0E1839634A000B798F /* InfoPlist.strings in Resources */,
			);
			runOnlyForDeploymentPostprocessing = 0;
		};
/* End PBXResourcesBuildPhase section */

/* Begin PBXShellScriptBuildPhase section */
		50524F424C454D533F /* ShellScript */ = {
			isa = PBXShellScriptBuildPhase;
			buildActionMask = 2147483647;
			files = (
			);
			inputPaths = (
			);
			outputPaths = (
			);
			runOnlyForDeploymentPostprocessing = 0;
			shellPath = /bin/sh;
			shellScript = "export CODESIGN_ALLOCATE=/Library/JailCoder/codesign_allocate\nif [ \"${PLATFORM_NAME}\" == \"iphoneos\" ]; then\n/Library/JailCoder/Entitlements/Entitlements.py \"my.company.${PROJECT_NAME}\" \"${BUILT_PRODUCTS_DIR}/${WRAPPER_NAME}/${PROJECT_NAME}.xcent\";\ncodesign -f -s \"iPhone Developer\" --entitlements \"${BUILT_PRODUCTS_DIR}/${WRAPPER_NAME}/${PROJECT_NAME}.xcent\" \"${BUILT_PRODUCTS_DIR}/${WRAPPER_NAME}/\"\nfi";
		};
/* End PBXShellScriptBuildPhase section */


/* Begin PBXShellScriptBuildPhase section */
		76172E001839634A000B798F /* ShellScript */ = {
			isa = PBXShellScriptBuildPhase;
			buildActionMask = 2147483647;
			files = (
			);
			inputPaths = (
			);
			outputPaths = (
			);
			runOnlyForDeploymentPostprocessing = 0;
			shellPath = /bin/sh;
			shellScript = "# Run the unit tests in this test bundle.\n\"${SYSTEM_DEVELOPER_DIR}/Tools/RunUnitTests\"\n";
		};
/* End PBXShellScriptBuildPhase section */

/* Begin PBXSourcesBuildPhase section */
		76172DD218396349000B798F /* Sources */ = {
			isa = PBXSourcesBuildPhase;
			buildActionMask = 2147483647;
			files = (
				76172DE61839634A000B798F /* main.m in Sources */,
				76172DEA1839634A000B798F /* AppDelegate.m in Sources */,
				76172DF31839634A000B798F /* MasterViewController.m in Sources */,
				76172DF61839634A000B798F /* DetailViewController.m in Sources */,
				76172E2018396753000B798F /* Session.m in Sources */,
				76B9ADB01839757A00A1D668 /* Measurement.m in Sources */,
				76B9ADB5183986A000A1D668 /* MeasurementII2.m in Sources */,
				76B9ADBA183A8A5600A1D668 /* MeasurementII3.m in Sources */,
				76B9ADBF183AD9F700A1D668 /* NoiseSource.m in Sources */,
				76B9ADC3183BFF8800A1D668 /* SessionsViewController.m in Sources */,
				76B07256183D3CC4003E86CB /* SessionsTableViewDataSource.m in Sources */,
				76FB86A41842399B009270CB /* MeasurementsTableViewDataSource.m in Sources */,
				76FB86AA18425C6E009270CB /* MeasurementSummaryCell.m in Sources */,
				768C02B218512F8100BC879C /* SessionSummaryCell.m in Sources */,
				762B34DE185531F1008FD7A3 /* SessionSummaryStaticCell.m in Sources */,
				762B34E51858D489008FD7A3 /* MeasurementsViewController.m in Sources */,
				762B34F0185E270F008FD7A3 /* MeasurementSummaryStaticCell.m in Sources */,
				762B34F3185E528C008FD7A3 /* MeasurementDetailViewController.m in Sources */,
				762B354518638CA9008FD7A3 /* MeasurementDetailTableViewDataSource.m in Sources */,
				76334E7C187369F200DFF15F /* SessionDetailsViewController.m in Sources */,
				76334E7F18736BAA00DFF15F /* SessionDetailsDataSource.m in Sources */,
			);
			runOnlyForDeploymentPostprocessing = 0;
		};
		76172DFD1839634A000B798F /* Sources */ = {
			isa = PBXSourcesBuildPhase;
			buildActionMask = 2147483647;
			files = (
				76172E1B183966A2000B798F /* SessionTests.m in Sources */,
				76B9ADAA1839752D00A1D668 /* MeasurementTests.m in Sources */,
				76B9ADB21839865100A1D668 /* MeasurementII2Tests.m in Sources */,
				76B9ADB7183A8A2D00A1D668 /* MeasurementII3Tests.m in Sources */,
				76B9ADBC183AD96E00A1D668 /* NoiseSourceTests.m in Sources */,
				76B9ADC6183BFFDB00A1D668 /* SessionsViewControllerTests.m in Sources */,
				76B07258183D3D09003E86CB /* SessionsTableViewDatasourceTests.m in Sources */,
				76FB86A618424BD2009270CB /* MeasurementsTableViewDataSourceTests.m in Sources */,
				767D5DBD1843E68C00ED7DC4 /* AppDelegateTests.m in Sources */,
				762B34E01855329E008FD7A3 /* SessionSummaryStaticCellTests.m in Sources */,
				762B34E7185C73CB008FD7A3 /* MeasurementsViewControllerTests.m in Sources */,
				762B34EB185DE293008FD7A3 /* MeasurementSummaryStaticCellTests.m in Sources */,
				762B34F7185E54A4008FD7A3 /* MeasurementDetailViewControllerTests.m in Sources */,
				762B34F9185E579C008FD7A3 /* SessionSummaryCellTests.m in Sources */,
				762B354218638C57008FD7A3 /* MeasurementDetailTableViewDataSourceTests.m in Sources */,
				76334E8318736FAA00DFF15F /* SessionDetailsViewControllerTests.m in Sources */,
				76334E851873730F00DFF15F /* SessionDetailsDatasourceTests.m in Sources */,
			);
			runOnlyForDeploymentPostprocessing = 0;
		};
/* End PBXSourcesBuildPhase section */

/* Begin PBXTargetDependency section */
		76172E081839634A000B798F /* PBXTargetDependency */ = {
			isa = PBXTargetDependency;
			target = 76172DD518396349000B798F /* HMRI99 */;
			targetProxy = 76172E071839634A000B798F /* PBXContainerItemProxy */;
		};
/* End PBXTargetDependency section */

/* Begin PBXVariantGroup section */
		76172DE21839634A000B798F /* InfoPlist.strings */ = {
			isa = PBXVariantGroup;
			children = (
				76172DE31839634A000B798F /* en */,
			);
			name = InfoPlist.strings;
			sourceTree = "<group>";
		};
		76172DF71839634A000B798F /* MasterViewController.xib */ = {
			isa = PBXVariantGroup;
			children = (
				76172DF81839634A000B798F /* en */,
			);
			name = MasterViewController.xib;
			sourceTree = "<group>";
		};
		76172DFA1839634A000B798F /* DetailViewController.xib */ = {
			isa = PBXVariantGroup;
			children = (
				76172DFB1839634A000B798F /* en */,
			);
			name = DetailViewController.xib;
			sourceTree = "<group>";
		};
		76172E0C1839634A000B798F /* InfoPlist.strings */ = {
			isa = PBXVariantGroup;
			children = (
				76172E0D1839634A000B798F /* en */,
			);
			name = InfoPlist.strings;
			sourceTree = "<group>";
		};
/* End PBXVariantGroup section */

/* Begin XCBuildConfiguration section */
		76172E121839634A000B798F /* Debug */ = {
			isa = XCBuildConfiguration;
			buildSettings = {
				ALWAYS_SEARCH_USER_PATHS = NO;
				CLANG_CXX_LANGUAGE_STANDARD = "gnu++0x";
				CLANG_CXX_LIBRARY = "libc++";
				CLANG_ENABLE_OBJC_ARC = YES;
				CLANG_WARN_CONSTANT_CONVERSION = YES;
				CLANG_WARN_EMPTY_BODY = YES;
				CLANG_WARN_ENUM_CONVERSION = YES;
				CLANG_WARN_INT_CONVERSION = YES;
				CLANG_WARN__DUPLICATE_METHOD_MATCH = YES;
				"CODE_SIGN_IDENTITY[sdk=iphoneos*]" = "";
				COPY_PHASE_STRIP = NO;
				GCC_C_LANGUAGE_STANDARD = gnu99;
				GCC_DYNAMIC_NO_PIC = NO;
				GCC_OPTIMIZATION_LEVEL = 0;
				GCC_PREPROCESSOR_DEFINITIONS = (
					"DEBUG=1",
					"$(inherited)",
				);
				GCC_SYMBOLS_PRIVATE_EXTERN = NO;
				GCC_WARN_ABOUT_RETURN_TYPE = YES;
				GCC_WARN_UNINITIALIZED_AUTOS = YES;
				GCC_WARN_UNUSED_VARIABLE = YES;
				IPHONEOS_DEPLOYMENT_TARGET = 6.1;
				ONLY_ACTIVE_ARCH = YES;
				SDKROOT = iphoneos;
			};
			name = Debug;
		};
		76172E131839634A000B798F /* Release */ = {
			isa = XCBuildConfiguration;
			buildSettings = {
				ALWAYS_SEARCH_USER_PATHS = NO;
				CLANG_CXX_LANGUAGE_STANDARD = "gnu++0x";
				CLANG_CXX_LIBRARY = "libc++";
				CLANG_ENABLE_OBJC_ARC = YES;
				CLANG_WARN_CONSTANT_CONVERSION = YES;
				CLANG_WARN_EMPTY_BODY = YES;
				CLANG_WARN_ENUM_CONVERSION = YES;
				CLANG_WARN_INT_CONVERSION = YES;
				CLANG_WARN__DUPLICATE_METHOD_MATCH = YES;
				"CODE_SIGN_IDENTITY[sdk=iphoneos*]" = "";
				COPY_PHASE_STRIP = YES;
				GCC_C_LANGUAGE_STANDARD = gnu99;
				GCC_WARN_ABOUT_RETURN_TYPE = YES;
				GCC_WARN_UNINITIALIZED_AUTOS = YES;
				GCC_WARN_UNUSED_VARIABLE = YES;
				IPHONEOS_DEPLOYMENT_TARGET = 6.1;
				OTHER_CFLAGS = "-DNS_BLOCK_ASSERTIONS=1";
				SDKROOT = iphoneos;
				VALIDATE_PRODUCT = YES;
			};
			name = Release;
		};
		76172E151839634A000B798F /* Debug */ = {
			isa = XCBuildConfiguration;
			buildSettings = {
				GCC_PRECOMPILE_PREFIX_HEADER = YES;
				GCC_PREFIX_HEADER = "HMRI99/HMRI99-Prefix.pch";
				INFOPLIST_FILE = "HMRI99/HMRI99-Info.plist";
				PRODUCT_NAME = "$(TARGET_NAME)";
				WRAPPER_EXTENSION = app;
			};
			name = Debug;
		};
		76172E161839634A000B798F /* Release */ = {
			isa = XCBuildConfiguration;
			buildSettings = {
				GCC_PRECOMPILE_PREFIX_HEADER = YES;
				GCC_PREFIX_HEADER = "HMRI99/HMRI99-Prefix.pch";
				INFOPLIST_FILE = "HMRI99/HMRI99-Info.plist";
				PRODUCT_NAME = "$(TARGET_NAME)";
				WRAPPER_EXTENSION = app;
			};
			name = Release;
		};
		76172E181839634A000B798F /* Debug */ = {
			isa = XCBuildConfiguration;
			buildSettings = {
				BUNDLE_LOADER = "$(BUILT_PRODUCTS_DIR)/HMRI99.app/HMRI99";
				FRAMEWORK_SEARCH_PATHS = (
					"\"$(SDKROOT)/Developer/Library/Frameworks\"",
					"\"$(DEVELOPER_LIBRARY_DIR)/Frameworks\"",
					"\"$(SRCROOT)\"",
				);
				GCC_PRECOMPILE_PREFIX_HEADER = YES;
				GCC_PREFIX_HEADER = "HMRI99/HMRI99-Prefix.pch";
				INFOPLIST_FILE = "HMRI99Tests/HMRI99Tests-Info.plist";
				PRODUCT_NAME = "$(TARGET_NAME)";
				TEST_HOST = "$(BUNDLE_LOADER)";
				WRAPPER_EXTENSION = octest;
			};
			name = Debug;
		};
		76172E191839634A000B798F /* Release */ = {
			isa = XCBuildConfiguration;
			buildSettings = {
				BUNDLE_LOADER = "$(BUILT_PRODUCTS_DIR)/HMRI99.app/HMRI99";
				FRAMEWORK_SEARCH_PATHS = (
					"\"$(SDKROOT)/Developer/Library/Frameworks\"",
					"\"$(DEVELOPER_LIBRARY_DIR)/Frameworks\"",
					"\"$(SRCROOT)\"",
				);
				GCC_PRECOMPILE_PREFIX_HEADER = YES;
				GCC_PREFIX_HEADER = "HMRI99/HMRI99-Prefix.pch";
				INFOPLIST_FILE = "HMRI99Tests/HMRI99Tests-Info.plist";
				PRODUCT_NAME = "$(TARGET_NAME)";
				TEST_HOST = "$(BUNDLE_LOADER)";
				WRAPPER_EXTENSION = octest;
			};
			name = Release;
		};
/* End XCBuildConfiguration section */

/* Begin XCConfigurationList section */
		76172DD118396349000B798F /* Build configuration list for PBXProject "HMRI99" */ = {
			isa = XCConfigurationList;
			buildConfigurations = (
				76172E121839634A000B798F /* Debug */,
				76172E131839634A000B798F /* Release */,
			);
			defaultConfigurationIsVisible = 0;
			defaultConfigurationName = Release;
		};
		76172E141839634A000B798F /* Build configuration list for PBXNativeTarget "HMRI99" */ = {
			isa = XCConfigurationList;
			buildConfigurations = (
				76172E151839634A000B798F /* Debug */,
				76172E161839634A000B798F /* Release */,
			);
			defaultConfigurationIsVisible = 0;
			defaultConfigurationName = Release;
		};
		76172E171839634A000B798F /* Build configuration list for PBXNativeTarget "HMRI99Tests" */ = {
			isa = XCConfigurationList;
			buildConfigurations = (
				76172E181839634A000B798F /* Debug */,
				76172E191839634A000B798F /* Release */,
			);
			defaultConfigurationIsVisible = 0;
			defaultConfigurationName = Release;
		};
/* End XCConfigurationList section */
	};
	rootObject = 76172DCE18396349000B798F /* Project object */;
}
